
Microsoft Visual Studio Solution File, Format Version 12.00
# Visual Studio Version 16
VisualStudioVersion = 16.0.30011.22
MinimumVisualStudioVersion = 10.0.40219.1
Project("{8BC9CEB8-8B4A-11D0-8D11-00A0C91BC942}") = "Socks", "HackerRank1.vcxproj", "{529124E9-40B5-42EB-88E6-145B360A07C8}"
EndProject
Project("{8BC9CEB8-8B4A-11D0-8D11-00A0C91BC942}") = "Counting Valleys", "..\Counting Valeys\Counting Valeys.vcxproj", "{302B13CD-0333-40E3-9CBB-2AC5F282C6E7}"
EndProject
Project("{8BC9CEB8-8B4A-11D0-8D11-00A0C91BC942}") = "Clouds", "..\Clouds\Clouds.vcxproj", "{68D1A200-D7BA-432D-AE50-B497D6D3C615}"
EndProject
Project("{8BC9CEB8-8B4A-11D0-8D11-00A0C91BC942}") = "New Year Chaos", "..\New Year Chaos\New Year Chaos.vcxproj", "{D2E13A60-61D9-4D78-B2A2-90884E112614}"
EndProject
Global
	GlobalSection(SolutionConfigurationPlatforms) = preSolution
		Debug|x64 = Debug|x64
		Debug|x86 = Debug|x86
		Release|x64 = Release|x64
		Release|x86 = Release|x86
	EndGlobalSection
	GlobalSection(ProjectConfigurationPlatforms) = postSolution
		{529124E9-40B5-42EB-88E6-145B360A07C8}.Debug|x64.ActiveCfg = Debug|x64
		{529124E9-40B5-42EB-88E6-145B360A07C8}.Debug|x64.Build.0 = Debug|x64
		{529124E9-40B5-42EB-88E6-145B360A07C8}.Debug|x86.ActiveCfg = Debug|Win32
		{529124E9-40B5-42EB-88E6-145B360A07C8}.Debug|x86.Build.0 = Debug|Win32
		{529124E9-40B5-42EB-88E6-145B360A07C8}.Release|x64.ActiveCfg = Release|x64
		{529124E9-40B5-42EB-88E6-145B360A07C8}.Release|x64.Build.0 = Release|x64
		{529124E9-40B5-42EB-88E6-145B360A07C8}.Release|x86.ActiveCfg = Release|Win32
		{529124E9-40B5-42EB-88E6-145B360A07C8}.Release|x86.Build.0 = Release|Win32
		{302B13CD-0333-40E3-9CBB-2AC5F282C6E7}.Debug|x64.ActiveCfg = Debug|x64
		{302B13CD-0333-40E3-9CBB-2AC5F282C6E7}.Debug|x64.Build.0 = Debug|x64
		{302B13CD-0333-40E3-9CBB-2AC5F282C6E7}.Debug|x86.ActiveCfg = Debug|Win32
		{302B13CD-0333-40E3-9CBB-2AC5F282C6E7}.Debug|x86.Build.0 = Debug|Win32
		{302B13CD-0333-40E3-9CBB-2AC5F282C6E7}.Release|x64.ActiveCfg = Release|x64
		{302B13CD-0333-40E3-9CBB-2AC5F282C6E7}.Release|x64.Build.0 = Release|x64
		{302B13CD-0333-40E3-9CBB-2AC5F282C6E7}.Release|x86.ActiveCfg = Release|Win32
		{302B13CD-0333-40E3-9CBB-2AC5F282C6E7}.Release|x86.Build.0 = Release|Win32
		{68D1A200-D7BA-432D-AE50-B497D6D3C615}.Debug|x64.ActiveCfg = Debug|x64
		{68D1A200-D7BA-432D-AE50-B497D6D3C615}.Debug|x64.Build.0 = Debug|x64
		{68D1A200-D7BA-432D-AE50-B497D6D3C615}.Debug|x86.ActiveCfg = Debug|Win32
		{68D1A200-D7BA-432D-AE50-B497D6D3C615}.Debug|x86.Build.0 = Debug|Win32
		{68D1A200-D7BA-432D-AE50-B497D6D3C615}.Release|x64.ActiveCfg = Release|x64
		{68D1A200-D7BA-432D-AE50-B497D6D3C615}.Release|x64.Build.0 = Release|x64
		{68D1A200-D7BA-432D-AE50-B497D6D3C615}.Release|x86.ActiveCfg = Release|Win32
		{68D1A200-D7BA-432D-AE50-B497D6D3C615}.Release|x86.Build.0 = Release|Win32
		{D2E13A60-61D9-4D78-B2A2-90884E112614}.Debug|x64.ActiveCfg = Debug|x64
		{D2E13A60-61D9-4D78-B2A2-90884E112614}.Debug|x64.Build.0 = Debug|x64
		{D2E13A60-61D9-4D78-B2A2-90884E112614}.Debug|x86.ActiveCfg = Debug|Win32
		{D2E13A60-61D9-4D78-B2A2-90884E112614}.Debug|x86.Build.0 = Debug|Win32
		{D2E13A60-61D9-4D78-B2A2-90884E112614}.Release|x64.ActiveCfg = Release|x64
		{D2E13A60-61D9-4D78-B2A2-90884E112614}.Release|x64.Build.0 = Release|x64
		{D2E13A60-61D9-4D78-B2A2-90884E112614}.Release|x86.ActiveCfg = Release|Win32
		{D2E13A60-61D9-4D78-B2A2-90884E112614}.Release|x86.Build.0 = Release|Win32
	EndGlobalSection
	GlobalSection(SolutionProperties) = preSolution
		HideSolutionNode = FALSE
	EndGlobalSection
	GlobalSection(ExtensibilityGlobals) = postSolution
		SolutionGuid = {E9F927E5-C4C3-4960-8587-BA1D05899E57}
	EndGlobalSection
EndGlobal
